
Microsoft Visual Studio Solution File, Format Version 12.00
# Visual Studio Version 17
VisualStudioVersion = 17.4.33213.308
MinimumVisualStudioVersion = 10.0.40219.1
Project("{E24C65DC-7377-472B-9ABA-BC803B73C61A}") = "AGAMENNONE", ".", "{E987CE2A-471C-47FB-9D2D-06C7F79DE6FA}"
	ProjectSection(WebsiteProperties) = preProject
		TargetFrameworkMoniker = ".NETFramework,Version%3Dv4.7.2"
		Debug.AspNetCompiler.VirtualPath = "/localhost_51780"
		Debug.AspNetCompiler.PhysicalPath = "..\AGAMENNONE\"
		Debug.AspNetCompiler.TargetPath = "PrecompiledWeb\localhost_51780\"
		Debug.AspNetCompiler.Updateable = "true"
		Debug.AspNetCompiler.ForceOverwrite = "true"
		Debug.AspNetCompiler.FixedNames = "false"
		Debug.AspNetCompiler.Debug = "True"
		Release.AspNetCompiler.VirtualPath = "/localhost_51780"
		Release.AspNetCompiler.PhysicalPath = "..\AGAMENNONE\"
		Release.AspNetCompiler.TargetPath = "PrecompiledWeb\localhost_51780\"
		Release.AspNetCompiler.Updateable = "true"
		Release.AspNetCompiler.ForceOverwrite = "true"
		Release.AspNetCompiler.FixedNames = "false"
		Release.AspNetCompiler.Debug = "False"
		VWDPort = "51780"
		SlnRelativePath = "..\AGAMENNONE\"
		DefaultWebSiteLanguage = "Visual C#"
	EndProjectSection
EndProject
Global
	GlobalSection(SolutionConfigurationPlatforms) = preSolution
		Debug|Any CPU = Debug|Any CPU
	EndGlobalSection
	GlobalSection(ProjectConfigurationPlatforms) = postSolution
		{E987CE2A-471C-47FB-9D2D-06C7F79DE6FA}.Debug|Any CPU.ActiveCfg = Debug|Any CPU
		{E987CE2A-471C-47FB-9D2D-06C7F79DE6FA}.Debug|Any CPU.Build.0 = Debug|Any CPU
	EndGlobalSection
	GlobalSection(SolutionProperties) = preSolution
		HideSolutionNode = FALSE
	EndGlobalSection
	GlobalSection(ExtensibilityGlobals) = postSolution
		SolutionGuid = {1F358BCA-458A-4648-A3E0-3D6FD10F3DDE}
	EndGlobalSection
EndGlobal
